
Microsoft Visual Studio Solution File, Format Version 12.00
# Visual Studio Version 17
VisualStudioVersion = 17.11.35222.181
MinimumVisualStudioVersion = 10.0.40219.1
Project("{FAE04EC0-301F-11D3-BF4B-00C04F79EFBC}") = "FPDF", "FPDF\FPDF.csproj", "{ADB958A2-F6AC-4B1F-9F8D-584FC3E51FFC}"
EndProject
Global
	GlobalSection(SolutionConfigurationPlatforms) = preSolution
		Debug|Any CPU = Debug|Any CPU
		Release|Any CPU = Release|Any CPU
	EndGlobalSection
	GlobalSection(ProjectConfigurationPlatforms) = postSolution
		{ADB958A2-F6AC-4B1F-9F8D-584FC3E51FFC}.Debug|Any CPU.ActiveCfg = Debug|Any CPU
		{ADB958A2-F6AC-4B1F-9F8D-584FC3E51FFC}.Debug|Any CPU.Build.0 = Debug|Any CPU
		{ADB958A2-F6AC-4B1F-9F8D-584FC3E51FFC}.Release|Any CPU.ActiveCfg = Release|Any CPU
		{ADB958A2-F6AC-4B1F-9F8D-584FC3E51FFC}.Release|Any CPU.Build.0 = Release|Any CPU
	EndGlobalSection
	GlobalSection(SolutionProperties) = preSolution
		HideSolutionNode = FALSE
	EndGlobalSection
	GlobalSection(ExtensibilityGlobals) = postSolution
		SolutionGuid = {966D5A74-4B26-448D-A500-6F6C4E1D0515}
	EndGlobalSection
EndGlobal
